{
  "name": "lucid-extension-sdk-webpack-for-windows",
  "version": "0.0.1",
  "lockfileVersion": 2,
  "requires": true,
  "packages": {
    "": {
      "name": "lucid-extension-sdk-webpack-for-windows",
      "version": "0.0.1",
      "license": "ISC",
      "dependencies": {
        "lucid-extension-sdk": "^0.0.373"
      }
    },
    "node_modules/lucid-extension-sdk": {
      "version": "0.0.373",
      "resolved": "https://registry.npmjs.org/lucid-extension-sdk/-/lucid-extension-sdk-0.0.373.tgz",
      "integrity": "sha512-bOpEqiTR/qDVGEf8B+xwTSaR6SnW9jF/lfa0rq2wCkOj1td/66hxuljVEJdK8PQrm80Xx1RMuacnG+4iehf0og=="
    }
  },
  "dependencies": {
    "lucid-extension-sdk": {
      "version": "0.0.373",
      "resolved": "https://registry.npmjs.org/lucid-extension-sdk/-/lucid-extension-sdk-0.0.373.tgz",
      "integrity": "sha512-bOpEqiTR/qDVGEf8B+xwTSaR6SnW9jF/lfa0rq2wCkOj1td/66hxuljVEJdK8PQrm80Xx1RMuacnG+4iehf0og=="
    }
  }
}
